
Microsoft Visual Studio Solution File, Format Version 12.00
# Visual Studio Version 16
VisualStudioVersion = 16.0.29411.108
MinimumVisualStudioVersion = 10.0.40219.1
Project("{9A19103F-16F7-4668-BE54-9A1E7A4F7556}") = "Penguin.Files", "Penguin.Files.csproj", "{78611DAF-3ABC-4628-9479-D7FDECA6DD4A}"
EndProject
Global
	GlobalSection(SolutionConfigurationPlatforms) = preSolution
		Debug|Any CPU = Debug|Any CPU
		Release|Any CPU = Release|Any CPU
	EndGlobalSection
	GlobalSection(ProjectConfigurationPlatforms) = postSolution
		{78611DAF-3ABC-4628-9479-D7FDECA6DD4A}.Debug|Any CPU.ActiveCfg = Debug|Any CPU
		{78611DAF-3ABC-4628-9479-D7FDECA6DD4A}.Debug|Any CPU.Build.0 = Debug|Any CPU
		{78611DAF-3ABC-4628-9479-D7FDECA6DD4A}.Release|Any CPU.ActiveCfg = Release|Any CPU
		{78611DAF-3ABC-4628-9479-D7FDECA6DD4A}.Release|Any CPU.Build.0 = Release|Any CPU
	EndGlobalSection
	GlobalSection(SolutionProperties) = preSolution
		HideSolutionNode = FALSE
	EndGlobalSection
	GlobalSection(ExtensibilityGlobals) = postSolution
		SolutionGuid = {1F74A3CB-DF29-4C76-B6E4-F6148E02404C}
	EndGlobalSection
EndGlobal
