
Microsoft Visual Studio Solution File, Format Version 12.00
# Visual Studio 15
VisualStudioVersion = 15.0.26124.0
MinimumVisualStudioVersion = 15.0.26124.0
Project("{FAE04EC0-301F-11D3-BF4B-00C04F79EFBC}") = "Penguin.Files.Local", "Penguin.Files.Local.csproj", "{6DE37ECC-D037-47F3-92E2-BB36A399FD76}"
EndProject
Project("{FAE04EC0-301F-11D3-BF4B-00C04F79EFBC}") = "Penguin.Configuration.Abstractions.Local", "..\Penguin.Configuration.Abstractions\Penguin.Configuration.Abstractions.Local.csproj", "{9276F137-7CEE-4045-9045-1D7BC4EB5C0A}"
EndProject
Project("{FAE04EC0-301F-11D3-BF4B-00C04F79EFBC}") = "Penguin.Extensions.String.Local", "..\Penguin.Extensions.String\Penguin.Extensions.String.Local.csproj", "{A9CFFD70-EF0C-4CEE-A374-1BAC62B02BAA}"
EndProject
Project("{FAE04EC0-301F-11D3-BF4B-00C04F79EFBC}") = "Penguin.Debugging.Local", "..\Penguin.Debugging\Penguin.Debugging.Local.csproj", "{5B7F8B24-ADB2-49AC-96DA-CBA935E42A07}"
EndProject
Project("{FAE04EC0-301F-11D3-BF4B-00C04F79EFBC}") = "Penguin.Extensions.Exceptions.Local", "..\Penguin.Extensions.Exceptions\Penguin.Extensions.Exceptions.Local.csproj", "{1E9FEE4E-A749-4A89-87BD-2F7A57B0CB50}"
EndProject
Project("{FAE04EC0-301F-11D3-BF4B-00C04F79EFBC}") = "Penguin.DependencyInjection.Abstractions.Local", "..\Penguin.DependencyInjection.Abstractions\Penguin.DependencyInjection.Abstractions.Local.csproj", "{97DAB56A-7083-4C5B-AA4E-8373160E3A90}"
EndProject
Project("{FAE04EC0-301F-11D3-BF4B-00C04F79EFBC}") = "Penguin.Files.Abstractions.Local", "..\Penguin.Files.Abstractions\Penguin.Files.Abstractions.Local.csproj", "{B2A6F235-202D-4A62-822C-9AE4E5E9ACBD}"
EndProject
Project("{FAE04EC0-301F-11D3-BF4B-00C04F79EFBC}") = "Penguin.Security.Abstractions.Local", "..\Penguin.Security.Abstractions\Penguin.Security.Abstractions.Local.csproj", "{7BEBCC8C-7418-41B9-83CB-E329E8FF987B}"
EndProject
Global
	GlobalSection(SolutionConfigurationPlatforms) = preSolution
		Debug|Any CPU = Debug|Any CPU
		Debug|x64 = Debug|x64
		Debug|x86 = Debug|x86
		Release|Any CPU = Release|Any CPU
		Release|x64 = Release|x64
		Release|x86 = Release|x86
	EndGlobalSection
	GlobalSection(SolutionProperties) = preSolution
		HideSolutionNode = FALSE
	EndGlobalSection
	GlobalSection(ProjectConfigurationPlatforms) = postSolution
		{6DE37ECC-D037-47F3-92E2-BB36A399FD76}.Debug|Any CPU.ActiveCfg = Debug|Any CPU
		{6DE37ECC-D037-47F3-92E2-BB36A399FD76}.Debug|Any CPU.Build.0 = Debug|Any CPU
		{6DE37ECC-D037-47F3-92E2-BB36A399FD76}.Debug|x64.ActiveCfg = Debug|Any CPU
		{6DE37ECC-D037-47F3-92E2-BB36A399FD76}.Debug|x64.Build.0 = Debug|Any CPU
		{6DE37ECC-D037-47F3-92E2-BB36A399FD76}.Debug|x86.ActiveCfg = Debug|Any CPU
		{6DE37ECC-D037-47F3-92E2-BB36A399FD76}.Debug|x86.Build.0 = Debug|Any CPU
		{6DE37ECC-D037-47F3-92E2-BB36A399FD76}.Release|Any CPU.ActiveCfg = Release|Any CPU
		{6DE37ECC-D037-47F3-92E2-BB36A399FD76}.Release|Any CPU.Build.0 = Release|Any CPU
		{6DE37ECC-D037-47F3-92E2-BB36A399FD76}.Release|x64.ActiveCfg = Release|Any CPU
		{6DE37ECC-D037-47F3-92E2-BB36A399FD76}.Release|x64.Build.0 = Release|Any CPU
		{6DE37ECC-D037-47F3-92E2-BB36A399FD76}.Release|x86.ActiveCfg = Release|Any CPU
		{6DE37ECC-D037-47F3-92E2-BB36A399FD76}.Release|x86.Build.0 = Release|Any CPU
		{9276F137-7CEE-4045-9045-1D7BC4EB5C0A}.Debug|Any CPU.ActiveCfg = Debug|Any CPU
		{9276F137-7CEE-4045-9045-1D7BC4EB5C0A}.Debug|Any CPU.Build.0 = Debug|Any CPU
		{9276F137-7CEE-4045-9045-1D7BC4EB5C0A}.Debug|x64.ActiveCfg = Debug|Any CPU
		{9276F137-7CEE-4045-9045-1D7BC4EB5C0A}.Debug|x64.Build.0 = Debug|Any CPU
		{9276F137-7CEE-4045-9045-1D7BC4EB5C0A}.Debug|x86.ActiveCfg = Debug|Any CPU
		{9276F137-7CEE-4045-9045-1D7BC4EB5C0A}.Debug|x86.Build.0 = Debug|Any CPU
		{9276F137-7CEE-4045-9045-1D7BC4EB5C0A}.Release|Any CPU.ActiveCfg = Release|Any CPU
		{9276F137-7CEE-4045-9045-1D7BC4EB5C0A}.Release|Any CPU.Build.0 = Release|Any CPU
		{9276F137-7CEE-4045-9045-1D7BC4EB5C0A}.Release|x64.ActiveCfg = Release|Any CPU
		{9276F137-7CEE-4045-9045-1D7BC4EB5C0A}.Release|x64.Build.0 = Release|Any CPU
		{9276F137-7CEE-4045-9045-1D7BC4EB5C0A}.Release|x86.ActiveCfg = Release|Any CPU
		{9276F137-7CEE-4045-9045-1D7BC4EB5C0A}.Release|x86.Build.0 = Release|Any CPU
		{A9CFFD70-EF0C-4CEE-A374-1BAC62B02BAA}.Debug|Any CPU.ActiveCfg = Debug|Any CPU
		{A9CFFD70-EF0C-4CEE-A374-1BAC62B02BAA}.Debug|Any CPU.Build.0 = Debug|Any CPU
		{A9CFFD70-EF0C-4CEE-A374-1BAC62B02BAA}.Debug|x64.ActiveCfg = Debug|Any CPU
		{A9CFFD70-EF0C-4CEE-A374-1BAC62B02BAA}.Debug|x64.Build.0 = Debug|Any CPU
		{A9CFFD70-EF0C-4CEE-A374-1BAC62B02BAA}.Debug|x86.ActiveCfg = Debug|Any CPU
		{A9CFFD70-EF0C-4CEE-A374-1BAC62B02BAA}.Debug|x86.Build.0 = Debug|Any CPU
		{A9CFFD70-EF0C-4CEE-A374-1BAC62B02BAA}.Release|Any CPU.ActiveCfg = Release|Any CPU
		{A9CFFD70-EF0C-4CEE-A374-1BAC62B02BAA}.Release|Any CPU.Build.0 = Release|Any CPU
		{A9CFFD70-EF0C-4CEE-A374-1BAC62B02BAA}.Release|x64.ActiveCfg = Release|Any CPU
		{A9CFFD70-EF0C-4CEE-A374-1BAC62B02BAA}.Release|x64.Build.0 = Release|Any CPU
		{A9CFFD70-EF0C-4CEE-A374-1BAC62B02BAA}.Release|x86.ActiveCfg = Release|Any CPU
		{A9CFFD70-EF0C-4CEE-A374-1BAC62B02BAA}.Release|x86.Build.0 = Release|Any CPU
		{5B7F8B24-ADB2-49AC-96DA-CBA935E42A07}.Debug|Any CPU.ActiveCfg = Debug|Any CPU
		{5B7F8B24-ADB2-49AC-96DA-CBA935E42A07}.Debug|Any CPU.Build.0 = Debug|Any CPU
		{5B7F8B24-ADB2-49AC-96DA-CBA935E42A07}.Debug|x64.ActiveCfg = Debug|Any CPU
		{5B7F8B24-ADB2-49AC-96DA-CBA935E42A07}.Debug|x64.Build.0 = Debug|Any CPU
		{5B7F8B24-ADB2-49AC-96DA-CBA935E42A07}.Debug|x86.ActiveCfg = Debug|Any CPU
		{5B7F8B24-ADB2-49AC-96DA-CBA935E42A07}.Debug|x86.Build.0 = Debug|Any CPU
		{5B7F8B24-ADB2-49AC-96DA-CBA935E42A07}.Release|Any CPU.ActiveCfg = Release|Any CPU
		{5B7F8B24-ADB2-49AC-96DA-CBA935E42A07}.Release|Any CPU.Build.0 = Release|Any CPU
		{5B7F8B24-ADB2-49AC-96DA-CBA935E42A07}.Release|x64.ActiveCfg = Release|Any CPU
		{5B7F8B24-ADB2-49AC-96DA-CBA935E42A07}.Release|x64.Build.0 = Release|Any CPU
		{5B7F8B24-ADB2-49AC-96DA-CBA935E42A07}.Release|x86.ActiveCfg = Release|Any CPU
		{5B7F8B24-ADB2-49AC-96DA-CBA935E42A07}.Release|x86.Build.0 = Release|Any CPU
		{1E9FEE4E-A749-4A89-87BD-2F7A57B0CB50}.Debug|Any CPU.ActiveCfg = Debug|Any CPU
		{1E9FEE4E-A749-4A89-87BD-2F7A57B0CB50}.Debug|Any CPU.Build.0 = Debug|Any CPU
		{1E9FEE4E-A749-4A89-87BD-2F7A57B0CB50}.Debug|x64.ActiveCfg = Debug|Any CPU
		{1E9FEE4E-A749-4A89-87BD-2F7A57B0CB50}.Debug|x64.Build.0 = Debug|Any CPU
		{1E9FEE4E-A749-4A89-87BD-2F7A57B0CB50}.Debug|x86.ActiveCfg = Debug|Any CPU
		{1E9FEE4E-A749-4A89-87BD-2F7A57B0CB50}.Debug|x86.Build.0 = Debug|Any CPU
		{1E9FEE4E-A749-4A89-87BD-2F7A57B0CB50}.Release|Any CPU.ActiveCfg = Release|Any CPU
		{1E9FEE4E-A749-4A89-87BD-2F7A57B0CB50}.Release|Any CPU.Build.0 = Release|Any CPU
		{1E9FEE4E-A749-4A89-87BD-2F7A57B0CB50}.Release|x64.ActiveCfg = Release|Any CPU
		{1E9FEE4E-A749-4A89-87BD-2F7A57B0CB50}.Release|x64.Build.0 = Release|Any CPU
		{1E9FEE4E-A749-4A89-87BD-2F7A57B0CB50}.Release|x86.ActiveCfg = Release|Any CPU
		{1E9FEE4E-A749-4A89-87BD-2F7A57B0CB50}.Release|x86.Build.0 = Release|Any CPU
		{97DAB56A-7083-4C5B-AA4E-8373160E3A90}.Debug|Any CPU.ActiveCfg = Debug|Any CPU
		{97DAB56A-7083-4C5B-AA4E-8373160E3A90}.Debug|Any CPU.Build.0 = Debug|Any CPU
		{97DAB56A-7083-4C5B-AA4E-8373160E3A90}.Debug|x64.ActiveCfg = Debug|Any CPU
		{97DAB56A-7083-4C5B-AA4E-8373160E3A90}.Debug|x64.Build.0 = Debug|Any CPU
		{97DAB56A-7083-4C5B-AA4E-8373160E3A90}.Debug|x86.ActiveCfg = Debug|Any CPU
		{97DAB56A-7083-4C5B-AA4E-8373160E3A90}.Debug|x86.Build.0 = Debug|Any CPU
		{97DAB56A-7083-4C5B-AA4E-8373160E3A90}.Release|Any CPU.ActiveCfg = Release|Any CPU
		{97DAB56A-7083-4C5B-AA4E-8373160E3A90}.Release|Any CPU.Build.0 = Release|Any CPU
		{97DAB56A-7083-4C5B-AA4E-8373160E3A90}.Release|x64.ActiveCfg = Release|Any CPU
		{97DAB56A-7083-4C5B-AA4E-8373160E3A90}.Release|x64.Build.0 = Release|Any CPU
		{97DAB56A-7083-4C5B-AA4E-8373160E3A90}.Release|x86.ActiveCfg = Release|Any CPU
		{97DAB56A-7083-4C5B-AA4E-8373160E3A90}.Release|x86.Build.0 = Release|Any CPU
		{B2A6F235-202D-4A62-822C-9AE4E5E9ACBD}.Debug|Any CPU.ActiveCfg = Debug|Any CPU
		{B2A6F235-202D-4A62-822C-9AE4E5E9ACBD}.Debug|Any CPU.Build.0 = Debug|Any CPU
		{B2A6F235-202D-4A62-822C-9AE4E5E9ACBD}.Debug|x64.ActiveCfg = Debug|Any CPU
		{B2A6F235-202D-4A62-822C-9AE4E5E9ACBD}.Debug|x64.Build.0 = Debug|Any CPU
		{B2A6F235-202D-4A62-822C-9AE4E5E9ACBD}.Debug|x86.ActiveCfg = Debug|Any CPU
		{B2A6F235-202D-4A62-822C-9AE4E5E9ACBD}.Debug|x86.Build.0 = Debug|Any CPU
		{B2A6F235-202D-4A62-822C-9AE4E5E9ACBD}.Release|Any CPU.ActiveCfg = Release|Any CPU
		{B2A6F235-202D-4A62-822C-9AE4E5E9ACBD}.Release|Any CPU.Build.0 = Release|Any CPU
		{B2A6F235-202D-4A62-822C-9AE4E5E9ACBD}.Release|x64.ActiveCfg = Release|Any CPU
		{B2A6F235-202D-4A62-822C-9AE4E5E9ACBD}.Release|x64.Build.0 = Release|Any CPU
		{B2A6F235-202D-4A62-822C-9AE4E5E9ACBD}.Release|x86.ActiveCfg = Release|Any CPU
		{B2A6F235-202D-4A62-822C-9AE4E5E9ACBD}.Release|x86.Build.0 = Release|Any CPU
		{7BEBCC8C-7418-41B9-83CB-E329E8FF987B}.Debug|Any CPU.ActiveCfg = Debug|Any CPU
		{7BEBCC8C-7418-41B9-83CB-E329E8FF987B}.Debug|Any CPU.Build.0 = Debug|Any CPU
		{7BEBCC8C-7418-41B9-83CB-E329E8FF987B}.Debug|x64.ActiveCfg = Debug|Any CPU
		{7BEBCC8C-7418-41B9-83CB-E329E8FF987B}.Debug|x64.Build.0 = Debug|Any CPU
		{7BEBCC8C-7418-41B9-83CB-E329E8FF987B}.Debug|x86.ActiveCfg = Debug|Any CPU
		{7BEBCC8C-7418-41B9-83CB-E329E8FF987B}.Debug|x86.Build.0 = Debug|Any CPU
		{7BEBCC8C-7418-41B9-83CB-E329E8FF987B}.Release|Any CPU.ActiveCfg = Release|Any CPU
		{7BEBCC8C-7418-41B9-83CB-E329E8FF987B}.Release|Any CPU.Build.0 = Release|Any CPU
		{7BEBCC8C-7418-41B9-83CB-E329E8FF987B}.Release|x64.ActiveCfg = Release|Any CPU
		{7BEBCC8C-7418-41B9-83CB-E329E8FF987B}.Release|x64.Build.0 = Release|Any CPU
		{7BEBCC8C-7418-41B9-83CB-E329E8FF987B}.Release|x86.ActiveCfg = Release|Any CPU
		{7BEBCC8C-7418-41B9-83CB-E329E8FF987B}.Release|x86.Build.0 = Release|Any CPU
	EndGlobalSection
EndGlobal
